
Microsoft Visual Studio Solution File, Format Version 12.00
# Visual Studio 15
VisualStudioVersion = 15.0.28307.645
MinimumVisualStudioVersion = 10.0.40219.1
Project("{FAE04EC0-301F-11D3-BF4B-00C04F79EFBC}") = "MvcBanHang", "MvcBanHang\MvcBanHang.csproj", "{02CDF88B-D309-46A9-A566-101BD61BAB56}"
EndProject
Global
	GlobalSection(SolutionConfigurationPlatforms) = preSolution
		Debug|Any CPU = Debug|Any CPU
		Release|Any CPU = Release|Any CPU
	EndGlobalSection
	GlobalSection(ProjectConfigurationPlatforms) = postSolution
		{02CDF88B-D309-46A9-A566-101BD61BAB56}.Debug|Any CPU.ActiveCfg = Debug|Any CPU
		{02CDF88B-D309-46A9-A566-101BD61BAB56}.Debug|Any CPU.Build.0 = Debug|Any CPU
		{02CDF88B-D309-46A9-A566-101BD61BAB56}.Release|Any CPU.ActiveCfg = Release|Any CPU
		{02CDF88B-D309-46A9-A566-101BD61BAB56}.Release|Any CPU.Build.0 = Release|Any CPU
	EndGlobalSection
	GlobalSection(SolutionProperties) = preSolution
		HideSolutionNode = FALSE
	EndGlobalSection
	GlobalSection(ExtensibilityGlobals) = postSolution
		SolutionGuid = {C8C68989-BAEE-4F71-8980-181B1AA3E128}
	EndGlobalSection
EndGlobal
